Microsoft Visual Studio Solution File, Format Version 12.00
# Visual Studio Version 17
VisualStudioVersion = 17.5.2.0
MinimumVisualStudioVersion = 10.0.40219.1
Project("{FAE04EC0-301F-11D3-BF4B-00C04F79EFBC}") = "middelWare m1", "middelWare m1.csproj", "{0465586A-2423-0214-D80F-E4C9347A4E2B}"
EndProject
Global
	GlobalSection(SolutionConfigurationPlatforms) = preSolution
		Debug|Any CPU = Debug|Any CPU
		Release|Any CPU = Release|Any CPU
	EndGlobalSection
	GlobalSection(ProjectConfigurationPlatforms) = postSolution
		{0465586A-2423-0214-D80F-E4C9347A4E2B}.Debug|Any CPU.ActiveCfg = Debug|Any CPU
		{0465586A-2423-0214-D80F-E4C9347A4E2B}.Debug|Any CPU.Build.0 = Debug|Any CPU
		{0465586A-2423-0214-D80F-E4C9347A4E2B}.Release|Any CPU.ActiveCfg = Release|Any CPU
		{0465586A-2423-0214-D80F-E4C9347A4E2B}.Release|Any CPU.Build.0 = Release|Any CPU
	EndGlobalSection
	GlobalSection(SolutionProperties) = preSolution
		HideSolutionNode = FALSE
	EndGlobalSection
	GlobalSection(ExtensibilityGlobals) = postSolution
		SolutionGuid = {3B60A8B3-0720-4D7E-ACC6-489D43A4FBFB}
	EndGlobalSection
EndGlobal
