Microsoft Visual Studio Solution File, Format Version 12.00
# Visual Studio Version 17
VisualStudioVersion = 17.5.2.0
MinimumVisualStudioVersion = 10.0.40219.1
Project("{FAE04EC0-301F-11D3-BF4B-00C04F79EFBC}") = "m06-UrlPathApiVertioningMinimalApi", "m06-UrlPathApiVertioningMinimalApi.csproj", "{58CBF83B-96E4-0979-8059-2BD75507E274}"
EndProject
Global
	GlobalSection(SolutionConfigurationPlatforms) = preSolution
		Debug|Any CPU = Debug|Any CPU
		Release|Any CPU = Release|Any CPU
	EndGlobalSection
	GlobalSection(ProjectConfigurationPlatforms) = postSolution
		{58CBF83B-96E4-0979-8059-2BD75507E274}.Debug|Any CPU.ActiveCfg = Debug|Any CPU
		{58CBF83B-96E4-0979-8059-2BD75507E274}.Debug|Any CPU.Build.0 = Debug|Any CPU
		{58CBF83B-96E4-0979-8059-2BD75507E274}.Release|Any CPU.ActiveCfg = Release|Any CPU
		{58CBF83B-96E4-0979-8059-2BD75507E274}.Release|Any CPU.Build.0 = Release|Any CPU
	EndGlobalSection
	GlobalSection(SolutionProperties) = preSolution
		HideSolutionNode = FALSE
	EndGlobalSection
	GlobalSection(ExtensibilityGlobals) = postSolution
		SolutionGuid = {C5F165D4-B2E7-4558-BD40-5A4BF59E2D23}
	EndGlobalSection
EndGlobal
