Microsoft Visual Studio Solution File, Format Version 12.00
# Visual Studio Version 17
VisualStudioVersion = 17.5.2.0
MinimumVisualStudioVersion = 10.0.40219.1
Project("{FAE04EC0-301F-11D3-BF4B-00C04F79EFBC}") = "M01-urlPathVersioningController", "M01-urlPathVersioningController.csproj", "{5530E875-2A6F-3A08-444A-A7B96A26D12C}"
EndProject
Global
	GlobalSection(SolutionConfigurationPlatforms) = preSolution
		Debug|Any CPU = Debug|Any CPU
		Release|Any CPU = Release|Any CPU
	EndGlobalSection
	GlobalSection(ProjectConfigurationPlatforms) = postSolution
		{5530E875-2A6F-3A08-444A-A7B96A26D12C}.Debug|Any CPU.ActiveCfg = Debug|Any CPU
		{5530E875-2A6F-3A08-444A-A7B96A26D12C}.Debug|Any CPU.Build.0 = Debug|Any CPU
		{5530E875-2A6F-3A08-444A-A7B96A26D12C}.Release|Any CPU.ActiveCfg = Release|Any CPU
		{5530E875-2A6F-3A08-444A-A7B96A26D12C}.Release|Any CPU.Build.0 = Release|Any CPU
	EndGlobalSection
	GlobalSection(SolutionProperties) = preSolution
		HideSolutionNode = FALSE
	EndGlobalSection
	GlobalSection(ExtensibilityGlobals) = postSolution
		SolutionGuid = {30C2FDAF-FC3D-4690-9909-DB7A36CD706E}
	EndGlobalSection
EndGlobal
