Microsoft Visual Studio Solution File, Format Version 12.00
# Visual Studio Version 17
VisualStudioVersion = 17.5.2.0
MinimumVisualStudioVersion = 10.0.40219.1
Project("{FAE04EC0-301F-11D3-BF4B-00C04F79EFBC}") = "Resolving at Startup", "Resolving at Startup.csproj", "{7D492569-AA89-0623-B40C-88E8DA6C20F9}"
EndProject
Global
	GlobalSection(SolutionConfigurationPlatforms) = preSolution
		Debug|Any CPU = Debug|Any CPU
		Release|Any CPU = Release|Any CPU
	EndGlobalSection
	GlobalSection(ProjectConfigurationPlatforms) = postSolution
		{7D492569-AA89-0623-B40C-88E8DA6C20F9}.Debug|Any CPU.ActiveCfg = Debug|Any CPU
		{7D492569-AA89-0623-B40C-88E8DA6C20F9}.Debug|Any CPU.Build.0 = Debug|Any CPU
		{7D492569-AA89-0623-B40C-88E8DA6C20F9}.Release|Any CPU.ActiveCfg = Release|Any CPU
		{7D492569-AA89-0623-B40C-88E8DA6C20F9}.Release|Any CPU.Build.0 = Release|Any CPU
	EndGlobalSection
	GlobalSection(SolutionProperties) = preSolution
		HideSolutionNode = FALSE
	EndGlobalSection
	GlobalSection(ExtensibilityGlobals) = postSolution
		SolutionGuid = {D13E1FA6-E429-4781-A68C-E53733B53F6D}
	EndGlobalSection
EndGlobal
